// !$*UTF8*$!
{
	archiveVersion = 1;
	classes = {
	};
	objectVersion = 48;
	objects = {

/* Begin PBXBuildFile section */
		47BA56541FFBBFA2008A1FDE /* AppDelegate.swift in Sources */ = {isa = PBXBuildFile; fileRef = 47BA56531FFBBFA2008A1FDE /* AppDelegate.swift */; };
		47BA56561FFBBFA2008A1FDE /* ViewController.swift in Sources */ = {isa = PBXBuildFile; fileRef = 47BA56551FFBBFA2008A1FDE /* ViewController.swift */; };
		47BA56591FFBBFA2008A1FDE /* Main.storyboard in Resources */ = {isa = PBXBuildFile; fileRef = 47BA56571FFBBFA2008A1FDE /* Main.storyboard */; };
		47BA565B1FFBBFA2008A1FDE /* Assets.xcassets in Resources */ = {isa = PBXBuildFile; fileRef = 47BA565A1FFBBFA2008A1FDE /* Assets.xcassets */; };
		47BA565E1FFBBFA2008A1FDE /* LaunchScreen.storyboard in Resources */ = {isa = PBXBuildFile; fileRef = 47BA565C1FFBBFA2008A1FDE /* LaunchScreen.storyboard */; };
		47BA56671FFBC0AB008A1FDE /* SHTabBarVC.swift in Sources */ = {isa = PBXBuildFile; fileRef = 47BA56661FFBC0AB008A1FDE /* SHTabBarVC.swift */; };
		47BA566B1FFBDD8F008A1FDE /* HDConstants.swift in Sources */ = {isa = PBXBuildFile; fileRef = 47BA566A1FFBDD8F008A1FDE /* HDConstants.swift */; };
		47BA56711FFBDFBF008A1FDE /* HDCoreUtils.swift in Sources */ = {isa = PBXBuildFile; fileRef = 47BA56701FFBDFBF008A1FDE /* HDCoreUtils.swift */; };
/* End PBXBuildFile section */

/* Begin PBXFileReference section */
		47BA56501FFBBFA1008A1FDE /* SwiftExperince.app */ = {isa = PBXFileReference; explicitFileType = wrapper.application; includeInIndex = 0; path = SwiftExperince.app; sourceTree = BUILT_PRODUCTS_DIR; };
		47BA56531FFBBFA2008A1FDE /* AppDelegate.swift */ = {isa = PBXFileReference; lastKnownFileType = sourcecode.swift; path = AppDelegate.swift; sourceTree = "<group>"; };
		47BA56551FFBBFA2008A1FDE /* ViewController.swift */ = {isa = PBXFileReference; lastKnownFileType = sourcecode.swift; path = ViewController.swift; sourceTree = "<group>"; };
		47BA56581FFBBFA2008A1FDE /* Base */ = {isa = PBXFileReference; lastKnownFileType = file.storyboard; name = Base; path = Base.lproj/Main.storyboard; sourceTree = "<group>"; };
		47BA565A1FFBBFA2008A1FDE /* Assets.xcassets */ = {isa = PBXFileReference; lastKnownFileType = folder.assetcatalog; path = Assets.xcassets; sourceTree = "<group>"; };
		47BA565D1FFBBFA2008A1FDE /* Base */ = {isa = PBXFileReference; lastKnownFileType = file.storyboard; name = Base; path = Base.lproj/LaunchScreen.storyboard; sourceTree = "<group>"; };
		47BA565F1FFBBFA2008A1FDE /* Info.plist */ = {isa = PBXFileReference; lastKnownFileType = text.plist.xml; path = Info.plist; sourceTree = "<group>"; };
		47BA56661FFBC0AB008A1FDE /* SHTabBarVC.swift */ = {isa = PBXFileReference; lastKnownFileType = sourcecode.swift; path = SHTabBarVC.swift; sourceTree = "<group>"; };
		47BA566A1FFBDD8F008A1FDE /* HDConstants.swift */ = {isa = PBXFileReference; lastKnownFileType = sourcecode.swift; path = HDConstants.swift; sourceTree = "<group>"; };
		47BA56701FFBDFBF008A1FDE /* HDCoreUtils.swift */ = {isa = PBXFileReference; lastKnownFileType = sourcecode.swift; path = HDCoreUtils.swift; sourceTree = "<group>"; };
/* End PBXFileReference section */

/* Begin PBXFrameworksBuildPhase section */
		47BA564D1FFBBFA1008A1FDE /* Frameworks */ = {
			isa = PBXFrameworksBuildPhase;
			buildActionMask = 2147483647;
			files = (
			);
			runOnlyForDeploymentPostprocessing = 0;
		};
/* End PBXFrameworksBuildPhase section */

/* Begin PBXGroup section */
		47BA56471FFBBFA1008A1FDE = {
			isa = PBXGroup;
			children = (
				47BA56521FFBBFA1008A1FDE /* SwiftExperince */,
				47BA56511FFBBFA1008A1FDE /* Products */,
			);
			sourceTree = "<group>";
		};
		47BA56511FFBBFA1008A1FDE /* Products */ = {
			isa = PBXGroup;
			children = (
				47BA56501FFBBFA1008A1FDE /* SwiftExperince.app */,
			);
			name = Products;
			sourceTree = "<group>";
		};
		47BA56521FFBBFA1008A1FDE /* SwiftExperince */ = {
			isa = PBXGroup;
			children = (
				47BA56681FFBDD34008A1FDE /* General */,
				47BA56651FFBC08B008A1FDE /* Main */,
				47BA56531FFBBFA2008A1FDE /* AppDelegate.swift */,
				47BA56551FFBBFA2008A1FDE /* ViewController.swift */,
				47BA56571FFBBFA2008A1FDE /* Main.storyboard */,
				47BA565A1FFBBFA2008A1FDE /* Assets.xcassets */,
				47BA565C1FFBBFA2008A1FDE /* LaunchScreen.storyboard */,
				47BA565F1FFBBFA2008A1FDE /* Info.plist */,
			);
			path = SwiftExperince;
			sourceTree = "<group>";
		};
		47BA56651FFBC08B008A1FDE /* Main */ = {
			isa = PBXGroup;
			children = (
				47BA56661FFBC0AB008A1FDE /* SHTabBarVC.swift */,
			);
			path = Main;
			sourceTree = "<group>";
		};
		47BA56681FFBDD34008A1FDE /* General */ = {
			isa = PBXGroup;
			children = (
				47BA56691FFBDD34008A1FDE /* Helper */,
			);
			path = General;
			sourceTree = "<group>";
		};
		47BA56691FFBDD34008A1FDE /* Helper */ = {
			isa = PBXGroup;
			children = (
				47BA566A1FFBDD8F008A1FDE /* HDConstants.swift */,
				47BA56701FFBDFBF008A1FDE /* HDCoreUtils.swift */,
			);
			path = Helper;
			sourceTree = "<group>";
		};
/* End PBXGroup section */

/* Begin PBXNativeTarget section */
		47BA564F1FFBBFA1008A1FDE /* SwiftExperince */ = {
			isa = PBXNativeTarget;
			buildConfigurationList = 47BA56621FFBBFA2008A1FDE /* Build configuration list for PBXNativeTarget "SwiftExperince" */;
			buildPhases = (
				47BA564C1FFBBFA1008A1FDE /* Sources */,
				47BA564D1FFBBFA1008A1FDE /* Frameworks */,
				47BA564E1FFBBFA1008A1FDE /* Resources */,
			);
			buildRules = (
			);
			dependencies = (
			);
			name = SwiftExperince;
			productName = SwiftExperince;
			productReference = 47BA56501FFBBFA1008A1FDE /* SwiftExperince.app */;
			productType = "com.apple.product-type.application";
		};
/* End PBXNativeTarget section */

/* Begin PBXProject section */
		47BA56481FFBBFA1008A1FDE /* Project object */ = {
			isa = PBXProject;
			attributes = {
				LastSwiftUpdateCheck = 0910;
				LastUpgradeCheck = 0910;
				ORGANIZATIONNAME = HMRL;
				TargetAttributes = {
					47BA564F1FFBBFA1008A1FDE = {
						CreatedOnToolsVersion = 9.1;
						ProvisioningStyle = Automatic;
					};
				};
			};
			buildConfigurationList = 47BA564B1FFBBFA1008A1FDE /* Build configuration list for PBXProject "SwiftExperince" */;
			compatibilityVersion = "Xcode 8.0";
			developmentRegion = en;
			hasScannedForEncodings = 0;
			knownRegions = (
				en,
				Base,
			);
			mainGroup = 47BA56471FFBBFA1008A1FDE;
			productRefGroup = 47BA56511FFBBFA1008A1FDE /* Products */;
			projectDirPath = "";
			projectRoot = "";
			targets = (
				47BA564F1FFBBFA1008A1FDE /* SwiftExperince */,
			);
		};
/* End PBXProject section */

/* Begin PBXResourcesBuildPhase section */
		47BA564E1FFBBFA1008A1FDE /* Resources */ = {
			isa = PBXResourcesBuildPhase;
			buildActionMask = 2147483647;
			files = (
				47BA565E1FFBBFA2008A1FDE /* LaunchScreen.storyboard in Resources */,
				47BA565B1FFBBFA2008A1FDE /* Assets.xcassets in Resources */,
				47BA56591FFBBFA2008A1FDE /* Main.storyboard in Resources */,
			);
			runOnlyForDeploymentPostprocessing = 0;
		};
/* End PBXResourcesBuildPhase section */

/* Begin PBXSourcesBuildPhase section */
		47BA564C1FFBBFA1008A1FDE /* Sources */ = {
			isa = PBXSourcesBuildPhase;
			buildActionMask = 2147483647;
			files = (
				47BA56711FFBDFBF008A1FDE /* HDCoreUtils.swift in Sources */,
				47BA56671FFBC0AB008A1FDE /* SHTabBarVC.swift in Sources */,
				47BA566B1FFBDD8F008A1FDE /* HDConstants.swift in Sources */,
				47BA56561FFBBFA2008A1FDE /* ViewController.swift in Sources */,
				47BA56541FFBBFA2008A1FDE /* AppDelegate.swift in Sources */,
			);
			runOnlyForDeploymentPostprocessing = 0;
		};
/* End PBXSourcesBuildPhase section */

/* Begin PBXVariantGroup section */
		47BA56571FFBBFA2008A1FDE /* Main.storyboard */ = {
			isa = PBXVariantGroup;
			children = (
				47BA56581FFBBFA2008A1FDE /* Base */,
			);
			name = Main.storyboard;
			sourceTree = "<group>";
		};
		47BA565C1FFBBFA2008A1FDE /* LaunchScreen.storyboard */ = {
			isa = PBXVariantGroup;
			children = (
				47BA565D1FFBBFA2008A1FDE /* Base */,
			);
			name = LaunchScreen.storyboard;
			sourceTree = "<group>";
		};
/* End PBXVariantGroup section */

/* Begin XCBuildConfiguration section */
		47BA56601FFBBFA2008A1FDE /* Debug */ = {
			isa = XCBuildConfiguration;
			buildSettings = {
				ALWAYS_SEARCH_USER_PATHS = NO;
				CLANG_ANALYZER_NONNULL = YES;
				CLANG_ANALYZER_NUMBER_OBJECT_CONVERSION = YES_AGGRESSIVE;
				CLANG_CXX_LANGUAGE_STANDARD = "gnu++14";
				CLANG_CXX_LIBRARY = "libc++";
				CLANG_ENABLE_MODULES = YES;
				CLANG_ENABLE_OBJC_ARC = YES;
				CLANG_WARN_BLOCK_CAPTURE_AUTORELEASING = YES;
				CLANG_WARN_BOOL_CONVERSION = YES;
				CLANG_WARN_COMMA = YES;
				CLANG_WARN_CONSTANT_CONVERSION = YES;
				CLANG_WARN_DIRECT_OBJC_ISA_USAGE = YES_ERROR;
				CLANG_WARN_DOCUMENTATION_COMMENTS = YES;
				CLANG_WARN_EMPTY_BODY = YES;
				CLANG_WARN_ENUM_CONVERSION = YES;
				CLANG_WARN_INFINITE_RECURSION = YES;
				CLANG_WARN_INT_CONVERSION = YES;
				CLANG_WARN_NON_LITERAL_NULL_CONVERSION = YES;
				CLANG_WARN_OBJC_LITERAL_CONVERSION = YES;
				CLANG_WARN_OBJC_ROOT_CLASS = YES_ERROR;
				CLANG_WARN_RANGE_LOOP_ANALYSIS = YES;
				CLANG_WARN_STRICT_PROTOTYPES = YES;
				CLANG_WARN_SUSPICIOUS_MOVE = YES;
				CLANG_WARN_UNGUARDED_AVAILABILITY = YES_AGGRESSIVE;
				CLANG_WARN_UNREACHABLE_CODE = YES;
				CLANG_WARN__DUPLICATE_METHOD_MATCH = YES;
				CODE_SIGN_IDENTITY = "iPhone Developer";
				COPY_PHASE_STRIP = NO;
				DEBUG_INFORMATION_FORMAT = dwarf;
				ENABLE_STRICT_OBJC_MSGSEND = YES;
				ENABLE_TESTABILITY = YES;
				GCC_C_LANGUAGE_STANDARD = gnu11;
				GCC_DYNAMIC_NO_PIC = NO;
				GCC_NO_COMMON_BLOCKS = YES;
				GCC_OPTIMIZATION_LEVEL = 0;
				GCC_PREPROCESSOR_DEFINITIONS = (
					"DEBUG=1",
					"$(inherited)",
				);
				GCC_WARN_64_TO_32_BIT_CONVERSION = YES;
				GCC_WARN_ABOUT_RETURN_TYPE = YES_ERROR;
				GCC_WARN_UNDECLARED_SELECTOR = YES;
				GCC_WARN_UNINITIALIZED_AUTOS = YES_AGGRESSIVE;
				GCC_WARN_UNUSED_FUNCTION = YES;
				GCC_WARN_UNUSED_VARIABLE = YES;
				IPHONEOS_DEPLOYMENT_TARGET = 11.1;
				MTL_ENABLE_DEBUG_INFO = YES;
				ONLY_ACTIVE_ARCH = YES;
				SDKROOT = iphoneos;
				SWIFT_ACTIVE_COMPILATION_CONDITIONS = DEBUG;
				SWIFT_OPTIMIZATION_LEVEL = "-Onone";
			};
			name = Debug;
		};
		47BA56611FFBBFA2008A1FDE /* Release */ = {
			isa = XCBuildConfiguration;
			buildSettings = {
				ALWAYS_SEARCH_USER_PATHS = NO;
				CLANG_ANALYZER_NONNULL = YES;
				CLANG_ANALYZER_NUMBER_OBJECT_CONVERSION = YES_AGGRESSIVE;
				CLANG_CXX_LANGUAGE_STANDARD = "gnu++14";
				CLANG_CXX_LIBRARY = "libc++";
				CLANG_ENABLE_MODULES = YES;
				CLANG_ENABLE_OBJC_ARC = YES;
				CLANG_WARN_BLOCK_CAPTURE_AUTORELEASING = YES;
				CLANG_WARN_BOOL_CONVERSION = YES;
				CLANG_WARN_COMMA = YES;
				CLANG_WARN_CONSTANT_CONVERSION = YES;
				CLANG_WARN_DIRECT_OBJC_ISA_USAGE = YES_ERROR;
				CLANG_WARN_DOCUMENTATION_COMMENTS = YES;
				CLANG_WARN_EMPTY_BODY = YES;
				CLANG_WARN_ENUM_CONVERSION = YES;
				CLANG_WARN_INFINITE_RECURSION = YES;
				CLANG_WARN_INT_CONVERSION = YES;
				CLANG_WARN_NON_LITERAL_NULL_CONVERSION = YES;
				CLANG_WARN_OBJC_LITERAL_CONVERSION = YES;
				CLANG_WARN_OBJC_ROOT_CLASS = YES_ERROR;
				CLANG_WARN_RANGE_LOOP_ANALYSIS = YES;
				CLANG_WARN_STRICT_PROTOTYPES = YES;
				CLANG_WARN_SUSPICIOUS_MOVE = YES;
				CLANG_WARN_UNGUARDED_AVAILABILITY = YES_AGGRESSIVE;
				CLANG_WARN_UNREACHABLE_CODE = YES;
				CLANG_WARN__DUPLICATE_METHOD_MATCH = YES;
				CODE_SIGN_IDENTITY = "iPhone Developer";
				COPY_PHASE_STRIP = NO;
				DEBUG_INFORMATION_FORMAT = "dwarf-with-dsym";
				ENABLE_NS_ASSERTIONS = NO;
				ENABLE_STRICT_OBJC_MSGSEND = YES;
				GCC_C_LANGUAGE_STANDARD = gnu11;
				GCC_NO_COMMON_BLOCKS = YES;
				GCC_WARN_64_TO_32_BIT_CONVERSION = YES;
				GCC_WARN_ABOUT_RETURN_TYPE = YES_ERROR;
				GCC_WARN_UNDECLARED_SELECTOR = YES;
				GCC_WARN_UNINITIALIZED_AUTOS = YES_AGGRESSIVE;
				GCC_WARN_UNUSED_FUNCTION = YES;
				GCC_WARN_UNUSED_VARIABLE = YES;
				IPHONEOS_DEPLOYMENT_TARGET = 11.1;
				MTL_ENABLE_DEBUG_INFO = NO;
				SDKROOT = iphoneos;
				SWIFT_OPTIMIZATION_LEVEL = "-Owholemodule";
				VALIDATE_PRODUCT = YES;
			};
			name = Release;
		};
		47BA56631FFBBFA2008A1FDE /* Debug */ = {
			isa = XCBuildConfiguration;
			buildSettings = {
				ASSETCATALOG_COMPILER_APPICON_NAME = AppIcon;
				CODE_SIGN_STYLE = Automatic;
				DEVELOPMENT_TEAM = 45L2BJS8P9;
				INFOPLIST_FILE = SwiftExperince/Info.plist;
				LD_RUNPATH_SEARCH_PATHS = "$(inherited) @executable_path/Frameworks";
				PRODUCT_BUNDLE_IDENTIFIER = xiaoyangyang.SwiftExperince;
				PRODUCT_NAME = "$(TARGET_NAME)";
				SWIFT_VERSION = 4.0;
				TARGETED_DEVICE_FAMILY = "1,2";
			};
			name = Debug;
		};
		47BA56641FFBBFA2008A1FDE /* Release */ = {
			isa = XCBuildConfiguration;
			buildSettings = {
				ASSETCATALOG_COMPILER_APPICON_NAME = AppIcon;
				CODE_SIGN_STYLE = Automatic;
				DEVELOPMENT_TEAM = 45L2BJS8P9;
				INFOPLIST_FILE = SwiftExperince/Info.plist;
				LD_RUNPATH_SEARCH_PATHS = "$(inherited) @executable_path/Frameworks";
				PRODUCT_BUNDLE_IDENTIFIER = xiaoyangyang.SwiftExperince;
				PRODUCT_NAME = "$(TARGET_NAME)";
				SWIFT_VERSION = 4.0;
				TARGETED_DEVICE_FAMILY = "1,2";
			};
			name = Release;
		};
/* End XCBuildConfiguration section */

/* Begin XCConfigurationList section */
		47BA564B1FFBBFA1008A1FDE /* Build configuration list for PBXProject "SwiftExperince" */ = {
			isa = XCConfigurationList;
			buildConfigurations = (
				47BA56601FFBBFA2008A1FDE /* Debug */,
				47BA56611FFBBFA2008A1FDE /* Release */,
			);
			defaultConfigurationIsVisible = 0;
			defaultConfigurationName = Release;
		};
		47BA56621FFBBFA2008A1FDE /* Build configuration list for PBXNativeTarget "SwiftExperince" */ = {
			isa = XCConfigurationList;
			buildConfigurations = (
				47BA56631FFBBFA2008A1FDE /* Debug */,
				47BA56641FFBBFA2008A1FDE /* Release */,
			);
			defaultConfigurationIsVisible = 0;
			defaultConfigurationName = Release;
		};
/* End XCConfigurationList section */
	};
	rootObject = 47BA56481FFBBFA1008A1FDE /* Project object */;
}
